<?xml version="1.0" encoding="utf-8"?>
<Project ToolsVersion="4.0" xmlns="http://schemas.microsoft.com/developer/msbuild/2003">
  <ItemGroup>
    <Filter Include="HikaruEngine">
      <UniqueIdentifier>{1F2D50B0-0B90-DF54-B415-180BA057ABD7}</UniqueIdentifier>
    </Filter>
  </ItemGroup>
  <ItemGroup>
    <ClInclude Include="src\Hikaru.h" />
    <ClInclude Include="src\HikaruEngine\Application.h">
      <Filter>HikaruEngine</Filter>
    </ClInclude>
    <ClInclude Include="src\HikaruEngine\Core.h">
      <Filter>HikaruEngine</Filter>
    </ClInclude>
    <ClInclude Include="src\HikaruEngine\EntryPoint.h">
      <Filter>HikaruEngine</Filter>
    </ClInclude>
    <ClInclude Include="src\HikaruEngine\Log.h">
      <Filter>HikaruEngine</Filter>
    </ClInclude>
  </ItemGroup>
  <ItemGroup>
    <ClCompile Include="src\HikaruEngine\Application.cpp">
      <Filter>HikaruEngine</Filter>
    </ClCompile>
    <ClCompile Include="src\HikaruEngine\Log.cpp">
      <Filter>HikaruEngine</Filter>
    </ClCompile>
  </ItemGroup>
</Project>